
Microsoft Visual Studio Solution File, Format Version 12.00
# Visual Studio 2013
VisualStudioVersion = 12.0.30501.0
MinimumVisualStudioVersion = 10.0.40219.1
Project("{FAE04EC0-301F-11D3-BF4B-00C04F79EFBC}") = "abundalife1001", "abundalife1001.csproj", "{0D0E24F5-C6E1-4586-B929-BBAADF845EBE}"
EndProject
Global
	GlobalSection(SolutionConfigurationPlatforms) = preSolution
		Debug|Any CPU = Debug|Any CPU
		Release|Any CPU = Release|Any CPU
	EndGlobalSection
	GlobalSection(ProjectConfigurationPlatforms) = postSolution
		{0D0E24F5-C6E1-4586-B929-BBAADF845EBE}.Debug|Any CPU.ActiveCfg = Debug|Any CPU
		{0D0E24F5-C6E1-4586-B929-BBAADF845EBE}.Debug|Any CPU.Build.0 = Debug|Any CPU
		{0D0E24F5-C6E1-4586-B929-BBAADF845EBE}.Release|Any CPU.ActiveCfg = Release|Any CPU
		{0D0E24F5-C6E1-4586-B929-BBAADF845EBE}.Release|Any CPU.Build.0 = Release|Any CPU
	EndGlobalSection
	GlobalSection(SolutionProperties) = preSolution
		HideSolutionNode = FALSE
	EndGlobalSection
EndGlobal
